
Microsoft Visual Studio Solution File, Format Version 12.00
# Visual Studio Version 16
VisualStudioVersion = 16.0.31911.196
MinimumVisualStudioVersion = 10.0.40219.1
Project("{FAE04EC0-301F-11D3-BF4B-00C04F79EFBC}") = "Sample", "Sample\Sample.csproj", "{73A98EEC-61C6-4BE7-8CD4-4B24BD50542F}"
EndProject
Project("{FAE04EC0-301F-11D3-BF4B-00C04F79EFBC}") = "DotNetDapperUtilityLibrary", "DotNetDapperUtilityLibrary\DotNetDapperUtilityLibrary.csproj", "{2D7C131B-A4E2-4ABA-8B94-EC062125D206}"
EndProject
Project("{FAE04EC0-301F-11D3-BF4B-00C04F79EFBC}") = "SampleAsync", "SampleAsync\SampleAsync.csproj", "{6DEC52B9-CDC9-40E7-9926-5A23760BABC8}"
EndProject
Global
	GlobalSection(SolutionConfigurationPlatforms) = preSolution
		Debug|Any CPU = Debug|Any CPU
		Release|Any CPU = Release|Any CPU
	EndGlobalSection
	GlobalSection(ProjectConfigurationPlatforms) = postSolution
		{73A98EEC-61C6-4BE7-8CD4-4B24BD50542F}.Debug|Any CPU.ActiveCfg = Debug|Any CPU
		{73A98EEC-61C6-4BE7-8CD4-4B24BD50542F}.Debug|Any CPU.Build.0 = Debug|Any CPU
		{73A98EEC-61C6-4BE7-8CD4-4B24BD50542F}.Release|Any CPU.ActiveCfg = Release|Any CPU
		{73A98EEC-61C6-4BE7-8CD4-4B24BD50542F}.Release|Any CPU.Build.0 = Release|Any CPU
		{2D7C131B-A4E2-4ABA-8B94-EC062125D206}.Debug|Any CPU.ActiveCfg = Debug|Any CPU
		{2D7C131B-A4E2-4ABA-8B94-EC062125D206}.Debug|Any CPU.Build.0 = Debug|Any CPU
		{2D7C131B-A4E2-4ABA-8B94-EC062125D206}.Release|Any CPU.ActiveCfg = Release|Any CPU
		{2D7C131B-A4E2-4ABA-8B94-EC062125D206}.Release|Any CPU.Build.0 = Release|Any CPU
		{6DEC52B9-CDC9-40E7-9926-5A23760BABC8}.Debug|Any CPU.ActiveCfg = Debug|Any CPU
		{6DEC52B9-CDC9-40E7-9926-5A23760BABC8}.Debug|Any CPU.Build.0 = Debug|Any CPU
		{6DEC52B9-CDC9-40E7-9926-5A23760BABC8}.Release|Any CPU.ActiveCfg = Release|Any CPU
		{6DEC52B9-CDC9-40E7-9926-5A23760BABC8}.Release|Any CPU.Build.0 = Release|Any CPU
	EndGlobalSection
	GlobalSection(SolutionProperties) = preSolution
		HideSolutionNode = FALSE
	EndGlobalSection
	GlobalSection(ExtensibilityGlobals) = postSolution
		SolutionGuid = {EAA67171-34C8-4C75-A3ED-5F0E476A0741}
	EndGlobalSection
EndGlobal
